# This file is automatically @generated by Cargo.
# It is not intended for manual editing.
version = 4

[[package]]
name = "gunmetal-fuzz-targets"
version = "0.0.0"
dependencies = [
 "libfuzzer-sys",
]

[[package]]
name = "libfuzzer-sys"
version = "0.4.12"
source = "registry+https://github.com/rust-lang/crates.io-index"
checksum = "0000000000000000000000000000000000000000000000000000000000000000"
